
Microsoft Visual Studio Solution File, Format Version 12.00
# Visual Studio Version 17
VisualStudioVersion = 17.4.32804.182
MinimumVisualStudioVersion = 10.0.40219.1
Project("{00D1A9C2-B5F0-4AF3-8072-F6C62B433612}") = "AnotherDatabaseCustom", "AnotherDatabaseCustom\AnotherDatabaseCustom.sqlproj", "{A6B57244-49D7-4D45-93D5-3B409CFBEC7C}"
EndProject
Project("{00D1A9C2-B5F0-4AF3-8072-F6C62B433612}") = "DatabaseForTestDB_2.0", "DatabaseForTestDB_2.0\DatabaseForTestDB_2.0.sqlproj", "{9269EDDE-3155-42DC-8111-B89F68DE7475}"
EndProject
Project("{00D1A9C2-B5F0-4AF3-8072-F6C62B433612}") = "NewProj1", "NewProj1\NewProj1.sqlproj", "{FB8A507D-89D1-4452-B0F1-EEA78E8AD678}"
EndProject
Project("{00D1A9C2-B5F0-4AF3-8072-F6C62B433612}") = "NewProj2", "NewProj2\NewProj2.sqlproj", "{943CBB36-9790-4943-A1D1-EF5BAB32D36F}"
EndProject
Project("{00D1A9C2-B5F0-4AF3-8072-F6C62B433612}") = "NewProj3", "NewProj3\NewProj3.sqlproj", "{074ADBDB-45D6-4200-8EE6-730782D6EB50}"
EndProject
Project("{00D1A9C2-B5F0-4AF3-8072-F6C62B433612}") = "Database1", "Database1\Database1.sqlproj", "{F03E57AE-32D6-431C-8106-D811FAFF98C4}"
EndProject
Project("{00D1A9C2-B5F0-4AF3-8072-F6C62B433612}") = "Database2", "Database2\Database2.sqlproj", "{E6D06199-4B66-4EF6-82DA-0EC478E97D9D}"
EndProject
Project("{00D1A9C2-B5F0-4AF3-8072-F6C62B433612}") = "Database3", "Database3\Database3.sqlproj", "{5E0B30C1-F718-4F39-A0F3-CECFEBE156FB}"
EndProject
Project("{00D1A9C2-B5F0-4AF3-8072-F6C62B433612}") = "Database4", "Database4\Database4.sqlproj", "{991CC63B-2AC4-4E28-A082-6308C10A8492}"
EndProject
Project("{00D1A9C2-B5F0-4AF3-8072-F6C62B433612}") = "Database5", "Database5\Database5.sqlproj", "{107B3220-974E-4C9A-8143-423932C05530}"
EndProject
Project("{00D1A9C2-B5F0-4AF3-8072-F6C62B433612}") = "DatabaseWithTargetPlatform22", "DatabaseWithTargetPlatform22\DatabaseWithTargetPlatform22.sqlproj", "{C7DF4FB8-37DB-4FC5-81F7-282645C3564C}"
EndProject
Project("{00D1A9C2-B5F0-4AF3-8072-F6C62B433612}") = "DatabaseEmpty", "DatabaseEmpty\DatabaseEmpty.sqlproj", "{EAB6C2AA-50F9-4A4D-B267-DB9BA9710921}"
EndProject
Project("{2150E333-8FDC-42A3-9474-1A3956D46DE8}") = "Smoke", "Smoke", "{7FA06421-1141-4E86-AA10-D133BAFFF812}"
EndProject
Project("{2150E333-8FDC-42A3-9474-1A3956D46DE8}") = "Other", "Other", "{B068C8DB-B2B5-4440-9F62-E97A43C438DE}"
EndProject
Global
	GlobalSection(SolutionConfigurationPlatforms) = preSolution
		Debug|Any CPU = Debug|Any CPU
		Release|Any CPU = Release|Any CPU
	EndGlobalSection
	GlobalSection(ProjectConfigurationPlatforms) = postSolution
		{A6B57244-49D7-4D45-93D5-3B409CFBEC7C}.Debug|Any CPU.ActiveCfg = Debug|Any CPU
		{A6B57244-49D7-4D45-93D5-3B409CFBEC7C}.Debug|Any CPU.Build.0 = Debug|Any CPU
		{A6B57244-49D7-4D45-93D5-3B409CFBEC7C}.Debug|Any CPU.Deploy.0 = Debug|Any CPU
		{A6B57244-49D7-4D45-93D5-3B409CFBEC7C}.Release|Any CPU.ActiveCfg = Release|Any CPU
		{A6B57244-49D7-4D45-93D5-3B409CFBEC7C}.Release|Any CPU.Build.0 = Release|Any CPU
		{A6B57244-49D7-4D45-93D5-3B409CFBEC7C}.Release|Any CPU.Deploy.0 = Release|Any CPU
		{9269EDDE-3155-42DC-8111-B89F68DE7475}.Debug|Any CPU.ActiveCfg = Debug|Any CPU
		{9269EDDE-3155-42DC-8111-B89F68DE7475}.Debug|Any CPU.Build.0 = Debug|Any CPU
		{9269EDDE-3155-42DC-8111-B89F68DE7475}.Debug|Any CPU.Deploy.0 = Debug|Any CPU
		{9269EDDE-3155-42DC-8111-B89F68DE7475}.Release|Any CPU.ActiveCfg = Release|Any CPU
		{9269EDDE-3155-42DC-8111-B89F68DE7475}.Release|Any CPU.Build.0 = Release|Any CPU
		{9269EDDE-3155-42DC-8111-B89F68DE7475}.Release|Any CPU.Deploy.0 = Release|Any CPU
		{FB8A507D-89D1-4452-B0F1-EEA78E8AD678}.Debug|Any CPU.ActiveCfg = Debug|Any CPU
		{FB8A507D-89D1-4452-B0F1-EEA78E8AD678}.Debug|Any CPU.Build.0 = Debug|Any CPU
		{FB8A507D-89D1-4452-B0F1-EEA78E8AD678}.Debug|Any CPU.Deploy.0 = Debug|Any CPU
		{FB8A507D-89D1-4452-B0F1-EEA78E8AD678}.Release|Any CPU.ActiveCfg = Release|Any CPU
		{FB8A507D-89D1-4452-B0F1-EEA78E8AD678}.Release|Any CPU.Build.0 = Release|Any CPU
		{FB8A507D-89D1-4452-B0F1-EEA78E8AD678}.Release|Any CPU.Deploy.0 = Release|Any CPU
		{943CBB36-9790-4943-A1D1-EF5BAB32D36F}.Debug|Any CPU.ActiveCfg = Debug|Any CPU
		{943CBB36-9790-4943-A1D1-EF5BAB32D36F}.Debug|Any CPU.Build.0 = Debug|Any CPU
		{943CBB36-9790-4943-A1D1-EF5BAB32D36F}.Debug|Any CPU.Deploy.0 = Debug|Any CPU
		{943CBB36-9790-4943-A1D1-EF5BAB32D36F}.Release|Any CPU.ActiveCfg = Release|Any CPU
		{943CBB36-9790-4943-A1D1-EF5BAB32D36F}.Release|Any CPU.Build.0 = Release|Any CPU
		{943CBB36-9790-4943-A1D1-EF5BAB32D36F}.Release|Any CPU.Deploy.0 = Release|Any CPU
		{074ADBDB-45D6-4200-8EE6-730782D6EB50}.Debug|Any CPU.ActiveCfg = Debug|Any CPU
		{074ADBDB-45D6-4200-8EE6-730782D6EB50}.Debug|Any CPU.Build.0 = Debug|Any CPU
		{074ADBDB-45D6-4200-8EE6-730782D6EB50}.Debug|Any CPU.Deploy.0 = Debug|Any CPU
		{074ADBDB-45D6-4200-8EE6-730782D6EB50}.Release|Any CPU.ActiveCfg = Release|Any CPU
		{074ADBDB-45D6-4200-8EE6-730782D6EB50}.Release|Any CPU.Build.0 = Release|Any CPU
		{074ADBDB-45D6-4200-8EE6-730782D6EB50}.Release|Any CPU.Deploy.0 = Release|Any CPU
		{F03E57AE-32D6-431C-8106-D811FAFF98C4}.Debug|Any CPU.ActiveCfg = Debug|Any CPU
		{F03E57AE-32D6-431C-8106-D811FAFF98C4}.Debug|Any CPU.Build.0 = Debug|Any CPU
		{F03E57AE-32D6-431C-8106-D811FAFF98C4}.Debug|Any CPU.Deploy.0 = Debug|Any CPU
		{F03E57AE-32D6-431C-8106-D811FAFF98C4}.Release|Any CPU.ActiveCfg = Release|Any CPU
		{F03E57AE-32D6-431C-8106-D811FAFF98C4}.Release|Any CPU.Build.0 = Release|Any CPU
		{F03E57AE-32D6-431C-8106-D811FAFF98C4}.Release|Any CPU.Deploy.0 = Release|Any CPU
		{E6D06199-4B66-4EF6-82DA-0EC478E97D9D}.Debug|Any CPU.ActiveCfg = Debug|Any CPU
		{E6D06199-4B66-4EF6-82DA-0EC478E97D9D}.Debug|Any CPU.Build.0 = Debug|Any CPU
		{E6D06199-4B66-4EF6-82DA-0EC478E97D9D}.Debug|Any CPU.Deploy.0 = Debug|Any CPU
		{E6D06199-4B66-4EF6-82DA-0EC478E97D9D}.Release|Any CPU.ActiveCfg = Release|Any CPU
		{E6D06199-4B66-4EF6-82DA-0EC478E97D9D}.Release|Any CPU.Build.0 = Release|Any CPU
		{E6D06199-4B66-4EF6-82DA-0EC478E97D9D}.Release|Any CPU.Deploy.0 = Release|Any CPU
		{5E0B30C1-F718-4F39-A0F3-CECFEBE156FB}.Debug|Any CPU.ActiveCfg = Debug|Any CPU
		{5E0B30C1-F718-4F39-A0F3-CECFEBE156FB}.Debug|Any CPU.Build.0 = Debug|Any CPU
		{5E0B30C1-F718-4F39-A0F3-CECFEBE156FB}.Debug|Any CPU.Deploy.0 = Debug|Any CPU
		{5E0B30C1-F718-4F39-A0F3-CECFEBE156FB}.Release|Any CPU.ActiveCfg = Release|Any CPU
		{5E0B30C1-F718-4F39-A0F3-CECFEBE156FB}.Release|Any CPU.Build.0 = Release|Any CPU
		{5E0B30C1-F718-4F39-A0F3-CECFEBE156FB}.Release|Any CPU.Deploy.0 = Release|Any CPU
		{991CC63B-2AC4-4E28-A082-6308C10A8492}.Debug|Any CPU.ActiveCfg = Debug|Any CPU
		{991CC63B-2AC4-4E28-A082-6308C10A8492}.Debug|Any CPU.Build.0 = Debug|Any CPU
		{991CC63B-2AC4-4E28-A082-6308C10A8492}.Debug|Any CPU.Deploy.0 = Debug|Any CPU
		{991CC63B-2AC4-4E28-A082-6308C10A8492}.Release|Any CPU.ActiveCfg = Release|Any CPU
		{991CC63B-2AC4-4E28-A082-6308C10A8492}.Release|Any CPU.Build.0 = Release|Any CPU
		{991CC63B-2AC4-4E28-A082-6308C10A8492}.Release|Any CPU.Deploy.0 = Release|Any CPU
		{107B3220-974E-4C9A-8143-423932C05530}.Debug|Any CPU.ActiveCfg = Debug|Any CPU
		{107B3220-974E-4C9A-8143-423932C05530}.Debug|Any CPU.Build.0 = Debug|Any CPU
		{107B3220-974E-4C9A-8143-423932C05530}.Debug|Any CPU.Deploy.0 = Debug|Any CPU
		{107B3220-974E-4C9A-8143-423932C05530}.Release|Any CPU.ActiveCfg = Release|Any CPU
		{107B3220-974E-4C9A-8143-423932C05530}.Release|Any CPU.Build.0 = Release|Any CPU
		{107B3220-974E-4C9A-8143-423932C05530}.Release|Any CPU.Deploy.0 = Release|Any CPU
		{C7DF4FB8-37DB-4FC5-81F7-282645C3564C}.Debug|Any CPU.ActiveCfg = Debug|Any CPU
		{C7DF4FB8-37DB-4FC5-81F7-282645C3564C}.Debug|Any CPU.Build.0 = Debug|Any CPU
		{C7DF4FB8-37DB-4FC5-81F7-282645C3564C}.Debug|Any CPU.Deploy.0 = Debug|Any CPU
		{C7DF4FB8-37DB-4FC5-81F7-282645C3564C}.Release|Any CPU.ActiveCfg = Release|Any CPU
		{C7DF4FB8-37DB-4FC5-81F7-282645C3564C}.Release|Any CPU.Build.0 = Release|Any CPU
		{C7DF4FB8-37DB-4FC5-81F7-282645C3564C}.Release|Any CPU.Deploy.0 = Release|Any CPU
		{EAB6C2AA-50F9-4A4D-B267-DB9BA9710921}.Debug|Any CPU.ActiveCfg = Debug|Any CPU
		{EAB6C2AA-50F9-4A4D-B267-DB9BA9710921}.Debug|Any CPU.Build.0 = Debug|Any CPU
		{EAB6C2AA-50F9-4A4D-B267-DB9BA9710921}.Debug|Any CPU.Deploy.0 = Debug|Any CPU
		{EAB6C2AA-50F9-4A4D-B267-DB9BA9710921}.Release|Any CPU.ActiveCfg = Release|Any CPU
		{EAB6C2AA-50F9-4A4D-B267-DB9BA9710921}.Release|Any CPU.Build.0 = Release|Any CPU
		{EAB6C2AA-50F9-4A4D-B267-DB9BA9710921}.Release|Any CPU.Deploy.0 = Release|Any CPU
	EndGlobalSection
	GlobalSection(SolutionProperties) = preSolution
		HideSolutionNode = FALSE
	EndGlobalSection
	GlobalSection(NestedProjects) = preSolution
		{A6B57244-49D7-4D45-93D5-3B409CFBEC7C} = {B068C8DB-B2B5-4440-9F62-E97A43C438DE}
		{9269EDDE-3155-42DC-8111-B89F68DE7475} = {B068C8DB-B2B5-4440-9F62-E97A43C438DE}
		{FB8A507D-89D1-4452-B0F1-EEA78E8AD678} = {B068C8DB-B2B5-4440-9F62-E97A43C438DE}
		{943CBB36-9790-4943-A1D1-EF5BAB32D36F} = {B068C8DB-B2B5-4440-9F62-E97A43C438DE}
		{074ADBDB-45D6-4200-8EE6-730782D6EB50} = {B068C8DB-B2B5-4440-9F62-E97A43C438DE}
		{F03E57AE-32D6-431C-8106-D811FAFF98C4} = {7FA06421-1141-4E86-AA10-D133BAFFF812}
		{E6D06199-4B66-4EF6-82DA-0EC478E97D9D} = {7FA06421-1141-4E86-AA10-D133BAFFF812}
		{5E0B30C1-F718-4F39-A0F3-CECFEBE156FB} = {B068C8DB-B2B5-4440-9F62-E97A43C438DE}
		{991CC63B-2AC4-4E28-A082-6308C10A8492} = {B068C8DB-B2B5-4440-9F62-E97A43C438DE}
		{107B3220-974E-4C9A-8143-423932C05530} = {B068C8DB-B2B5-4440-9F62-E97A43C438DE}
		{C7DF4FB8-37DB-4FC5-81F7-282645C3564C} = {B068C8DB-B2B5-4440-9F62-E97A43C438DE}
		{EAB6C2AA-50F9-4A4D-B267-DB9BA9710921} = {B068C8DB-B2B5-4440-9F62-E97A43C438DE}
	EndGlobalSection
	GlobalSection(ExtensibilityGlobals) = postSolution
		SolutionGuid = {EB7B1428-A5DE-4DBB-BE20-A3A293B2E3F0}
	EndGlobalSection
EndGlobal
